// !$*UTF8*$!
{
	archiveVersion = 1;
	classes = {
	};
	objectVersion = 50;
	objects = {

/* Begin PBXBuildFile section */
		0A9B9A3626C881B300597DEB /* MealTimeApp.swift in Sources */ = {isa = PBXBuildFile; fileRef = 0A9B9A2326C881B200597DEB /* MealTimeApp.swift */; };
		0A9B9A3726C881B300597DEB /* MealTimeApp.swift in Sources */ = {isa = PBXBuildFile; fileRef = 0A9B9A2326C881B200597DEB /* MealTimeApp.swift */; };
		0A9B9A3826C881B300597DEB /* ContentView.swift in Sources */ = {isa = PBXBuildFile; fileRef = 0A9B9A2426C881B200597DEB /* ContentView.swift */; };
		0A9B9A3926C881B300597DEB /* ContentView.swift in Sources */ = {isa = PBXBuildFile; fileRef = 0A9B9A2426C881B200597DEB /* ContentView.swift */; };
		0A9B9A3A26C881B300597DEB /* Assets.xcassets in Resources */ = {isa = PBXBuildFile; fileRef = 0A9B9A2526C881B300597DEB /* Assets.xcassets */; };
		0A9B9A3B26C881B300597DEB /* Assets.xcassets in Resources */ = {isa = PBXBuildFile; fileRef = 0A9B9A2526C881B300597DEB /* Assets.xcassets */; };
/* End PBXBuildFile section */

/* Begin PBXFileReference section */
		0A9B9A2326C881B200597DEB /* MealTimeApp.swift */ = {isa = PBXFileReference; lastKnownFileType = sourcecode.swift; path = MealTimeApp.swift; sourceTree = "<group>"; };
		0A9B9A2426C881B200597DEB /* ContentView.swift */ = {isa = PBXFileReference; lastKnownFileType = sourcecode.swift; path = ContentView.swift; sourceTree = "<group>"; };
		0A9B9A2526C881B300597DEB /* Assets.xcassets */ = {isa = PBXFileReference; lastKnownFileType = folder.assetcatalog; path = Assets.xcassets; sourceTree = "<group>"; };
		0A9B9A2A26C881B300597DEB /* MealTime.app */ = {isa = PBXFileReference; explicitFileType = wrapper.application; includeInIndex = 0; path = MealTime.app; sourceTree = BUILT_PRODUCTS_DIR; };
		0A9B9A2D26C881B300597DEB /* Info.plist */ = {isa = PBXFileReference; lastKnownFileType = text.plist.xml; path = Info.plist; sourceTree = "<group>"; };
		0A9B9A3226C881B300597DEB /* MealTime.app */ = {isa = PBXFileReference; explicitFileType = wrapper.application; includeInIndex = 0; path = MealTime.app; sourceTree = BUILT_PRODUCTS_DIR; };
		0A9B9A3426C881B300597DEB /* Info.plist */ = {isa = PBXFileReference; lastKnownFileType = text.plist.xml; path = Info.plist; sourceTree = "<group>"; };
		0A9B9A3526C881B300597DEB /* macOS.entitlements */ = {isa = PBXFileReference; lastKnownFileType = text.plist.entitlements; path = macOS.entitlements; sourceTree = "<group>"; };
/* End PBXFileReference section */

/* Begin PBXFrameworksBuildPhase section */
		0A9B9A2726C881B300597DEB /* Frameworks */ = {
			isa = PBXFrameworksBuildPhase;
			buildActionMask = 2147483647;
			files = (
			);
			runOnlyForDeploymentPostprocessing = 0;
		};
		0A9B9A2F26C881B300597DEB /* Frameworks */ = {
			isa = PBXFrameworksBuildPhase;
			buildActionMask = 2147483647;
			files = (
			);
			runOnlyForDeploymentPostprocessing = 0;
		};
/* End PBXFrameworksBuildPhase section */

/* Begin PBXGroup section */
		0A9B9A1D26C881B200597DEB = {
			isa = PBXGroup;
			children = (
				0A9B9A2226C881B200597DEB /* Shared */,
				0A9B9A2C26C881B300597DEB /* iOS */,
				0A9B9A3326C881B300597DEB /* macOS */,
				0A9B9A2B26C881B300597DEB /* Products */,
			);
			sourceTree = "<group>";
		};
		0A9B9A2226C881B200597DEB /* Shared */ = {
			isa = PBXGroup;
			children = (
				0A9B9A2326C881B200597DEB /* MealTimeApp.swift */,
				0A9B9A2426C881B200597DEB /* ContentView.swift */,
				0A9B9A2526C881B300597DEB /* Assets.xcassets */,
			);
			path = Shared;
			sourceTree = "<group>";
		};
		0A9B9A2B26C881B300597DEB /* Products */ = {
			isa = PBXGroup;
			children = (
				0A9B9A2A26C881B300597DEB /* MealTime.app */,
				0A9B9A3226C881B300597DEB /* MealTime.app */,
			);
			name = Products;
			sourceTree = "<group>";
		};
		0A9B9A2C26C881B300597DEB /* iOS */ = {
			isa = PBXGroup;
			children = (
				0A9B9A2D26C881B300597DEB /* Info.plist */,
			);
			path = iOS;
			sourceTree = "<group>";
		};
		0A9B9A3326C881B300597DEB /* macOS */ = {
			isa = PBXGroup;
			children = (
				0A9B9A3426C881B300597DEB /* Info.plist */,
				0A9B9A3526C881B300597DEB /* macOS.entitlements */,
			);
			path = macOS;
			sourceTree = "<group>";
		};
/* End PBXGroup section */

/* Begin PBXNativeTarget section */
		0A9B9A2926C881B300597DEB /* MealTime (iOS) */ = {
			isa = PBXNativeTarget;
			buildConfigurationList = 0A9B9A3E26C881B300597DEB /* Build configuration list for PBXNativeTarget "MealTime (iOS)" */;
			buildPhases = (
				0A9B9A2626C881B300597DEB /* Sources */,
				0A9B9A2726C881B300597DEB /* Frameworks */,
				0A9B9A2826C881B300597DEB /* Resources */,
			);
			buildRules = (
			);
			dependencies = (
			);
			name = "MealTime (iOS)";
			productName = "MealTime (iOS)";
			productReference = 0A9B9A2A26C881B300597DEB /* MealTime.app */;
			productType = "com.apple.product-type.application";
		};
		0A9B9A3126C881B300597DEB /* MealTime (macOS) */ = {
			isa = PBXNativeTarget;
			buildConfigurationList = 0A9B9A4126C881B300597DEB /* Build configuration list for PBXNativeTarget "MealTime (macOS)" */;
			buildPhases = (
				0A9B9A2E26C881B300597DEB /* Sources */,
				0A9B9A2F26C881B300597DEB /* Frameworks */,
				0A9B9A3026C881B300597DEB /* Resources */,
			);
			buildRules = (
			);
			dependencies = (
			);
			name = "MealTime (macOS)";
			productName = "MealTime (macOS)";
			productReference = 0A9B9A3226C881B300597DEB /* MealTime.app */;
			productType = "com.apple.product-type.application";
		};
/* End PBXNativeTarget section */

/* Begin PBXProject section */
		0A9B9A1E26C881B200597DEB /* Project object */ = {
			isa = PBXProject;
			attributes = {
				LastSwiftUpdateCheck = 1250;
				LastUpgradeCheck = 1250;
				TargetAttributes = {
					0A9B9A2926C881B300597DEB = {
						CreatedOnToolsVersion = 12.5.1;
					};
					0A9B9A3126C881B300597DEB = {
						CreatedOnToolsVersion = 12.5.1;
					};
				};
			};
			buildConfigurationList = 0A9B9A2126C881B200597DEB /* Build configuration list for PBXProject "MealTime" */;
			compatibilityVersion = "Xcode 9.3";
			developmentRegion = en;
			hasScannedForEncodings = 0;
			knownRegions = (
				en,
				Base,
			);
			mainGroup = 0A9B9A1D26C881B200597DEB;
			productRefGroup = 0A9B9A2B26C881B300597DEB /* Products */;
			projectDirPath = "";
			projectRoot = "";
			targets = (
				0A9B9A2926C881B300597DEB /* MealTime (iOS) */,
				0A9B9A3126C881B300597DEB /* MealTime (macOS) */,
			);
		};
/* End PBXProject section */

/* Begin PBXResourcesBuildPhase section */
		0A9B9A2826C881B300597DEB /* Resources */ = {
			isa = PBXResourcesBuildPhase;
			buildActionMask = 2147483647;
			files = (
				0A9B9A3A26C881B300597DEB /* Assets.xcassets in Resources */,
			);
			runOnlyForDeploymentPostprocessing = 0;
		};
		0A9B9A3026C881B300597DEB /* Resources */ = {
			isa = PBXResourcesBuildPhase;
			buildActionMask = 2147483647;
			files = (
				0A9B9A3B26C881B300597DEB /* Assets.xcassets in Resources */,
			);
			runOnlyForDeploymentPostprocessing = 0;
		};
/* End PBXResourcesBuildPhase section */

/* Begin PBXSourcesBuildPhase section */
		0A9B9A2626C881B300597DEB /* Sources */ = {
			isa = PBXSourcesBuildPhase;
			buildActionMask = 2147483647;
			files = (
				0A9B9A3826C881B300597DEB /* ContentView.swift in Sources */,
				0A9B9A3626C881B300597DEB /* MealTimeApp.swift in Sources */,
			);
			runOnlyForDeploymentPostprocessing = 0;
		};
		0A9B9A2E26C881B300597DEB /* Sources */ = {
			isa = PBXSourcesBuildPhase;
			buildActionMask = 2147483647;
			files = (
				0A9B9A3926C881B300597DEB /* ContentView.swift in Sources */,
				0A9B9A3726C881B300597DEB /* MealTimeApp.swift in Sources */,
			);
			runOnlyForDeploymentPostprocessing = 0;
		};
/* End PBXSourcesBuildPhase section */

/* Begin XCBuildConfiguration section */
		0A9B9A3C26C881B300597DEB /* Debug */ = {
			isa = XCBuildConfiguration;
			buildSettings = {
				ALWAYS_SEARCH_USER_PATHS = NO;
				CLANG_ANALYZER_NONNULL = YES;
				CLANG_ANALYZER_NUMBER_OBJECT_CONVERSION = YES_AGGRESSIVE;
				CLANG_CXX_LANGUAGE_STANDARD = "gnu++14";
				CLANG_CXX_LIBRARY = "libc++";
				CLANG_ENABLE_MODULES = YES;
				CLANG_ENABLE_OBJC_ARC = YES;
				CLANG_ENABLE_OBJC_WEAK = YES;
				CLANG_WARN_BLOCK_CAPTURE_AUTORELEASING = YES;
				CLANG_WARN_BOOL_CONVERSION = YES;
				CLANG_WARN_COMMA = YES;
				CLANG_WARN_CONSTANT_CONVERSION = YES;
				CLANG_WARN_DEPRECATED_OBJC_IMPLEMENTATIONS = YES;
				CLANG_WARN_DIRECT_OBJC_ISA_USAGE = YES_ERROR;
				CLANG_WARN_DOCUMENTATION_COMMENTS = YES;
				CLANG_WARN_EMPTY_BODY = YES;
				CLANG_WARN_ENUM_CONVERSION = YES;
				CLANG_WARN_INFINITE_RECURSION = YES;
				CLANG_WARN_INT_CONVERSION = YES;
				CLANG_WARN_NON_LITERAL_NULL_CONVERSION = YES;
				CLANG_WARN_OBJC_IMPLICIT_RETAIN_SELF = YES;
				CLANG_WARN_OBJC_LITERAL_CONVERSION = YES;
				CLANG_WARN_OBJC_ROOT_CLASS = YES_ERROR;
				CLANG_WARN_QUOTED_INCLUDE_IN_FRAMEWORK_HEADER = YES;
				CLANG_WARN_RANGE_LOOP_ANALYSIS = YES;
				CLANG_WARN_STRICT_PROTOTYPES = YES;
				CLANG_WARN_SUSPICIOUS_MOVE = YES;
				CLANG_WARN_UNGUARDED_AVAILABILITY = YES_AGGRESSIVE;
				CLANG_WARN_UNREACHABLE_CODE = YES;
				CLANG_WARN__DUPLICATE_METHOD_MATCH = YES;
				COPY_PHASE_STRIP = NO;
				DEBUG_INFORMATION_FORMAT = dwarf;
				ENABLE_STRICT_OBJC_MSGSEND = YES;
				ENABLE_TESTABILITY = YES;
				GCC_C_LANGUAGE_STANDARD = gnu11;
				GCC_DYNAMIC_NO_PIC = NO;
				GCC_NO_COMMON_BLOCKS = YES;
				GCC_OPTIMIZATION_LEVEL = 0;
				GCC_PREPROCESSOR_DEFINITIONS = (
					"DEBUG=1",
					"$(inherited)",
				);
				GCC_WARN_64_TO_32_BIT_CONVERSION = YES;
				GCC_WARN_ABOUT_RETURN_TYPE = YES_ERROR;
				GCC_WARN_UNDECLARED_SELECTOR = YES;
				GCC_WARN_UNINITIALIZED_AUTOS = YES_AGGRESSIVE;
				GCC_WARN_UNUSED_FUNCTION = YES;
				GCC_WARN_UNUSED_VARIABLE = YES;
				MTL_ENABLE_DEBUG_INFO = INCLUDE_SOURCE;
				MTL_FAST_MATH = YES;
				ONLY_ACTIVE_ARCH = YES;
				SWIFT_ACTIVE_COMPILATION_CONDITIONS = DEBUG;
				SWIFT_OPTIMIZATION_LEVEL = "-Onone";
			};
			name = Debug;
		};
		0A9B9A3D26C881B300597DEB /* Release */ = {
			isa = XCBuildConfiguration;
			buildSettings = {
				ALWAYS_SEARCH_USER_PATHS = NO;
				CLANG_ANALYZER_NONNULL = YES;
				CLANG_ANALYZER_NUMBER_OBJECT_CONVERSION = YES_AGGRESSIVE;
				CLANG_CXX_LANGUAGE_STANDARD = "gnu++14";
				CLANG_CXX_LIBRARY = "libc++";
				CLANG_ENABLE_MODULES = YES;
				CLANG_ENABLE_OBJC_ARC = YES;
				CLANG_ENABLE_OBJC_WEAK = YES;
				CLANG_WARN_BLOCK_CAPTURE_AUTORELEASING = YES;
				CLANG_WARN_BOOL_CONVERSION = YES;
				CLANG_WARN_COMMA = YES;
				CLANG_WARN_CONSTANT_CONVERSION = YES;
				CLANG_WARN_DEPRECATED_OBJC_IMPLEMENTATIONS = YES;
				CLANG_WARN_DIRECT_OBJC_ISA_USAGE = YES_ERROR;
				CLANG_WARN_DOCUMENTATION_COMMENTS = YES;
				CLANG_WARN_EMPTY_BODY = YES;
				CLANG_WARN_ENUM_CONVERSION = YES;
				CLANG_WARN_INFINITE_RECURSION = YES;
				CLANG_WARN_INT_CONVERSION = YES;
				CLANG_WARN_NON_LITERAL_NULL_CONVERSION = YES;
				CLANG_WARN_OBJC_IMPLICIT_RETAIN_SELF = YES;
				CLANG_WARN_OBJC_LITERAL_CONVERSION = YES;
				CLANG_WARN_OBJC_ROOT_CLASS = YES_ERROR;
				CLANG_WARN_QUOTED_INCLUDE_IN_FRAMEWORK_HEADER = YES;
				CLANG_WARN_RANGE_LOOP_ANALYSIS = YES;
				CLANG_WARN_STRICT_PROTOTYPES = YES;
				CLANG_WARN_SUSPICIOUS_MOVE = YES;
				CLANG_WARN_UNGUARDED_AVAILABILITY = YES_AGGRESSIVE;
				CLANG_WARN_UNREACHABLE_CODE = YES;
				CLANG_WARN__DUPLICATE_METHOD_MATCH = YES;
				COPY_PHASE_STRIP = NO;
				DEBUG_INFORMATION_FORMAT = "dwarf-with-dsym";
				ENABLE_NS_ASSERTIONS = NO;
				ENABLE_STRICT_OBJC_MSGSEND = YES;
				GCC_C_LANGUAGE_STANDARD = gnu11;
				GCC_NO_COMMON_BLOCKS = YES;
				GCC_WARN_64_TO_32_BIT_CONVERSION = YES;
				GCC_WARN_ABOUT_RETURN_TYPE = YES_ERROR;
				GCC_WARN_UNDECLARED_SELECTOR = YES;
				GCC_WARN_UNINITIALIZED_AUTOS = YES_AGGRESSIVE;
				GCC_WARN_UNUSED_FUNCTION = YES;
				GCC_WARN_UNUSED_VARIABLE = YES;
				MTL_ENABLE_DEBUG_INFO = NO;
				MTL_FAST_MATH = YES;
				SWIFT_COMPILATION_MODE = wholemodule;
				SWIFT_OPTIMIZATION_LEVEL = "-O";
			};
			name = Release;
		};
		0A9B9A3F26C881B300597DEB /* Debug */ = {
			isa = XCBuildConfiguration;
			buildSettings = {
				ASSETCATALOG_COMPILER_APPICON_NAME = AppIcon;
				ASSETCATALOG_COMPILER_GLOBAL_ACCENT_COLOR_NAME = AccentColor;
				CODE_SIGN_STYLE = Automatic;
				DEVELOPMENT_TEAM = 4629AQ24Z2;
				ENABLE_PREVIEWS = YES;
				INFOPLIST_FILE = iOS/Info.plist;
				IPHONEOS_DEPLOYMENT_TARGET = 14.0;
				LD_RUNPATH_SEARCH_PATHS = (
					"$(inherited)",
					"@executable_path/Frameworks",
				);
				PRODUCT_BUNDLE_IDENTIFIER = app.philchan.MealTime;
				PRODUCT_NAME = MealTime;
				SDKROOT = iphoneos;
				SWIFT_VERSION = 5.0;
				TARGETED_DEVICE_FAMILY = "1,2";
			};
			name = Debug;
		};
		0A9B9A4026C881B300597DEB /* Release */ = {
			isa = XCBuildConfiguration;
			buildSettings = {
				ASSETCATALOG_COMPILER_APPICON_NAME = AppIcon;
				ASSETCATALOG_COMPILER_GLOBAL_ACCENT_COLOR_NAME = AccentColor;
				CODE_SIGN_STYLE = Automatic;
				DEVELOPMENT_TEAM = 4629AQ24Z2;
				ENABLE_PREVIEWS = YES;
				INFOPLIST_FILE = iOS/Info.plist;
				IPHONEOS_DEPLOYMENT_TARGET = 14.0;
				LD_RUNPATH_SEARCH_PATHS = (
					"$(inherited)",
					"@executable_path/Frameworks",
				);
				PRODUCT_BUNDLE_IDENTIFIER = app.philchan.MealTime;
				PRODUCT_NAME = MealTime;
				SDKROOT = iphoneos;
				SWIFT_VERSION = 5.0;
				TARGETED_DEVICE_FAMILY = "1,2";
				VALIDATE_PRODUCT = YES;
			};
			name = Release;
		};
		0A9B9A4226C881B300597DEB /* Debug */ = {
			isa = XCBuildConfiguration;
			buildSettings = {
				ASSETCATALOG_COMPILER_APPICON_NAME = AppIcon;
				ASSETCATALOG_COMPILER_GLOBAL_ACCENT_COLOR_NAME = AccentColor;
				CODE_SIGN_ENTITLEMENTS = macOS/macOS.entitlements;
				CODE_SIGN_STYLE = Automatic;
				COMBINE_HIDPI_IMAGES = YES;
				DEVELOPMENT_TEAM = 8F3P6DQB25;
				ENABLE_HARDENED_RUNTIME = YES;
				ENABLE_PREVIEWS = YES;
				INFOPLIST_FILE = macOS/Info.plist;
				LD_RUNPATH_SEARCH_PATHS = (
					"$(inherited)",
					"@executable_path/../Frameworks",
				);
				MACOSX_DEPLOYMENT_TARGET = 11.0;
				PRODUCT_BUNDLE_IDENTIFIER = app.phillipchan.MealTime;
				PRODUCT_NAME = MealTime;
				SDKROOT = macosx;
				SWIFT_VERSION = 5.0;
			};
			name = Debug;
		};
		0A9B9A4326C881B300597DEB /* Release */ = {
			isa = XCBuildConfiguration;
			buildSettings = {
				ASSETCATALOG_COMPILER_APPICON_NAME = AppIcon;
				ASSETCATALOG_COMPILER_GLOBAL_ACCENT_COLOR_NAME = AccentColor;
				CODE_SIGN_ENTITLEMENTS = macOS/macOS.entitlements;
				CODE_SIGN_STYLE = Automatic;
				COMBINE_HIDPI_IMAGES = YES;
				DEVELOPMENT_TEAM = 8F3P6DQB25;
				ENABLE_HARDENED_RUNTIME = YES;
				ENABLE_PREVIEWS = YES;
				INFOPLIST_FILE = macOS/Info.plist;
				LD_RUNPATH_SEARCH_PATHS = (
					"$(inherited)",
					"@executable_path/../Frameworks",
				);
				MACOSX_DEPLOYMENT_TARGET = 11.0;
				PRODUCT_BUNDLE_IDENTIFIER = app.phillipchan.MealTime;
				PRODUCT_NAME = MealTime;
				SDKROOT = macosx;
				SWIFT_VERSION = 5.0;
			};
			name = Release;
		};
/* End XCBuildConfiguration section */

/* Begin XCConfigurationList section */
		0A9B9A2126C881B200597DEB /* Build configuration list for PBXProject "MealTime" */ = {
			isa = XCConfigurationList;
			buildConfigurations = (
				0A9B9A3C26C881B300597DEB /* Debug */,
				0A9B9A3D26C881B300597DEB /* Release */,
			);
			defaultConfigurationIsVisible = 0;
			defaultConfigurationName = Release;
		};
		0A9B9A3E26C881B300597DEB /* Build configuration list for PBXNativeTarget "MealTime (iOS)" */ = {
			isa = XCConfigurationList;
			buildConfigurations = (
				0A9B9A3F26C881B300597DEB /* Debug */,
				0A9B9A4026C881B300597DEB /* Release */,
			);
			defaultConfigurationIsVisible = 0;
			defaultConfigurationName = Release;
		};
		0A9B9A4126C881B300597DEB /* Build configuration list for PBXNativeTarget "MealTime (macOS)" */ = {
			isa = XCConfigurationList;
			buildConfigurations = (
				0A9B9A4226C881B300597DEB /* Debug */,
				0A9B9A4326C881B300597DEB /* Release */,
			);
			defaultConfigurationIsVisible = 0;
			defaultConfigurationName = Release;
		};
/* End XCConfigurationList section */
	};
	rootObject = 0A9B9A1E26C881B200597DEB /* Project object */;
}
